
Microsoft Visual Studio Solution File, Format Version 12.00
# Visual Studio Version 17
VisualStudioVersion = 17.7.34003.232
MinimumVisualStudioVersion = 10.0.40219.1
Project("{FAE04EC0-301F-11D3-BF4B-00C04F79EFBC}") = "M-files_API", "M-files_API\M-files_API.csproj", "{3C637E6F-2BF2-4B0B-AEA8-329914062D1B}"
EndProject
Global
	GlobalSection(SolutionConfigurationPlatforms) = preSolution
		Debug|Any CPU = Debug|Any CPU
		Release|Any CPU = Release|Any CPU
	EndGlobalSection
	GlobalSection(ProjectConfigurationPlatforms) = postSolution
		{3C637E6F-2BF2-4B0B-AEA8-329914062D1B}.Debug|Any CPU.ActiveCfg = Debug|Any CPU
		{3C637E6F-2BF2-4B0B-AEA8-329914062D1B}.Debug|Any CPU.Build.0 = Debug|Any CPU
		{3C637E6F-2BF2-4B0B-AEA8-329914062D1B}.Release|Any CPU.ActiveCfg = Release|Any CPU
		{3C637E6F-2BF2-4B0B-AEA8-329914062D1B}.Release|Any CPU.Build.0 = Release|Any CPU
	EndGlobalSection
	GlobalSection(SolutionProperties) = preSolution
		HideSolutionNode = FALSE
	EndGlobalSection
	GlobalSection(ExtensibilityGlobals) = postSolution
		SolutionGuid = {E00DF31A-C1F8-4254-A6EF-E7C343F8C153}
	EndGlobalSection
EndGlobal
